<Solution>
  <Project Path="PhotonRealtime.csproj" />
  <Project Path="Assembly-CSharp.csproj" />
  <Project Path="PhotonUnityNetworking.Editor.csproj" />
  <Project Path="Assembly-CSharp-firstpass.csproj" />
  <Project Path="PhotonUnityNetworking.Demos.csproj" />
  <Project Path="PhotonUnityNetworking.Utilities.csproj" />
  <Project Path="PhotonUnityNetworking.csproj" />
  <Project Path="PhotonChat.csproj" />
  <Project Path="PunDemos.DemoSlotcarEditor.csproj" />
  <Project Path="Assembly-CSharp-Editor-firstpass.csproj" />
  <Project Path="PunDemos.DemoHubEditor.csproj" />
  <Project Path="PhotonUnityNetworking.Utilities.PhotonPlayer.Editor.csproj" />
  <Project Path="PhotonUnityNetworking.Utilities.Culling.Editor.csproj" />
  <Project Path="Assembly-CSharp-Editor.csproj" />
</Solution>
